
Microsoft Visual Studio Solution File, Format Version 12.00
# Visual Studio Version 17
VisualStudioVersion = 17.0.31903.59
MinimumVisualStudioVersion = 10.0.40219.1
Project("{2150E333-8FDC-42A3-9474-1A3956D46DE8}") = "src", "src", "{827E0CD3-B72D-47B6-A68D-7590B98EB39B}"
EndProject
Project("{2150E333-8FDC-42A3-9474-1A3956D46DE8}") = "Client", "Client", "{C5A3B5EA-BE9F-76E5-E9B8-8A22B289B295}"
EndProject
Project("{FAE04EC0-301F-11D3-BF4B-00C04F79EFBC}") = "NexusUserTest.Admin", "src\Client\NexusUserTest.Admin\NexusUserTest.Admin.csproj", "{4FEF7189-BB46-4D81-B065-E62C1BCB61CD}"
EndProject
Project("{FAE04EC0-301F-11D3-BF4B-00C04F79EFBC}") = "NexusUserTest.Client", "src\Client\NexusUserTest.Client\NexusUserTest.Client.csproj", "{A28A8DFE-AE30-424A-AE7C-D5440573B8BE}"
EndProject
Project("{FAE04EC0-301F-11D3-BF4B-00C04F79EFBC}") = "NexusUserTest.Shared", "src\Client\NexusUserTest.Shared\NexusUserTest.Shared.csproj", "{B0785750-D665-4042-994F-07DEDC2D7F33}"
EndProject
Project("{2150E333-8FDC-42A3-9474-1A3956D46DE8}") = "Server", "Server", "{E6B48023-E680-40DA-9E17-319585C26937}"
EndProject
Project("{FAE04EC0-301F-11D3-BF4B-00C04F79EFBC}") = "NexusUserTest.Application", "src\Server\NexusUserTest.Application\NexusUserTest.Application.csproj", "{D20BB382-CC08-4C02-84FB-3F6A2F6F4102}"
EndProject
Project("{FAE04EC0-301F-11D3-BF4B-00C04F79EFBC}") = "NexusUserTest.Domain", "src\Server\NexusUserTest.Domain\NexusUserTest.Domain.csproj", "{446FF713-6CA5-43AD-BAF6-3633B430AB20}"
EndProject
Project("{FAE04EC0-301F-11D3-BF4B-00C04F79EFBC}") = "NexusUserTest.Infrastructure", "src\Server\NexusUserTest.Infrastructure\NexusUserTest.Infrastructure.csproj", "{41AFCFF4-D392-48F8-BB98-F545CD70810B}"
EndProject
Project("{FAE04EC0-301F-11D3-BF4B-00C04F79EFBC}") = "NexusUserTest.Shared", "src\NexusUserTest.Shared\NexusUserTest.Shared.csproj", "{715B20CD-A1C9-482E-8962-60FEF56EDFDD}"
EndProject
Project("{FAE04EC0-301F-11D3-BF4B-00C04F79EFBC}") = "NexusUserTest.WebApi", "src\Server\NexusUserTest.WebApi\NexusUserTest.WebApi.csproj", "{F16D6CC4-8EBC-4374-B2E5-F24069BC19C6}"
EndProject
Project("{FAE04EC0-301F-11D3-BF4B-00C04F79EFBC}") = "NexusUserTest.User", "src\Client\NexusUserTest.User\NexusUserTest.User.csproj", "{0A1D1FC1-8016-4F2B-B15C-C4F4181CFF88}"
EndProject
Global
	GlobalSection(SolutionConfigurationPlatforms) = preSolution
		Debug|Any CPU = Debug|Any CPU
		Debug|x64 = Debug|x64
		Debug|x86 = Debug|x86
		Release|Any CPU = Release|Any CPU
		Release|x64 = Release|x64
		Release|x86 = Release|x86
	EndGlobalSection
	GlobalSection(ProjectConfigurationPlatforms) = postSolution
		{4FEF7189-BB46-4D81-B065-E62C1BCB61CD}.Debug|Any CPU.ActiveCfg = Debug|Any CPU
		{4FEF7189-BB46-4D81-B065-E62C1BCB61CD}.Debug|Any CPU.Build.0 = Debug|Any CPU
		{4FEF7189-BB46-4D81-B065-E62C1BCB61CD}.Debug|x64.ActiveCfg = Debug|Any CPU
		{4FEF7189-BB46-4D81-B065-E62C1BCB61CD}.Debug|x64.Build.0 = Debug|Any CPU
		{4FEF7189-BB46-4D81-B065-E62C1BCB61CD}.Debug|x86.ActiveCfg = Debug|Any CPU
		{4FEF7189-BB46-4D81-B065-E62C1BCB61CD}.Debug|x86.Build.0 = Debug|Any CPU
		{4FEF7189-BB46-4D81-B065-E62C1BCB61CD}.Release|Any CPU.ActiveCfg = Release|Any CPU
		{4FEF7189-BB46-4D81-B065-E62C1BCB61CD}.Release|Any CPU.Build.0 = Release|Any CPU
		{4FEF7189-BB46-4D81-B065-E62C1BCB61CD}.Release|x64.ActiveCfg = Release|Any CPU
		{4FEF7189-BB46-4D81-B065-E62C1BCB61CD}.Release|x64.Build.0 = Release|Any CPU
		{4FEF7189-BB46-4D81-B065-E62C1BCB61CD}.Release|x86.ActiveCfg = Release|Any CPU
		{4FEF7189-BB46-4D81-B065-E62C1BCB61CD}.Release|x86.Build.0 = Release|Any CPU
		{A28A8DFE-AE30-424A-AE7C-D5440573B8BE}.Debug|Any CPU.ActiveCfg = Debug|Any CPU
		{A28A8DFE-AE30-424A-AE7C-D5440573B8BE}.Debug|Any CPU.Build.0 = Debug|Any CPU
		{A28A8DFE-AE30-424A-AE7C-D5440573B8BE}.Debug|x64.ActiveCfg = Debug|Any CPU
		{A28A8DFE-AE30-424A-AE7C-D5440573B8BE}.Debug|x64.Build.0 = Debug|Any CPU
		{A28A8DFE-AE30-424A-AE7C-D5440573B8BE}.Debug|x86.ActiveCfg = Debug|Any CPU
		{A28A8DFE-AE30-424A-AE7C-D5440573B8BE}.Debug|x86.Build.0 = Debug|Any CPU
		{A28A8DFE-AE30-424A-AE7C-D5440573B8BE}.Release|Any CPU.ActiveCfg = Release|Any CPU
		{A28A8DFE-AE30-424A-AE7C-D5440573B8BE}.Release|Any CPU.Build.0 = Release|Any CPU
		{A28A8DFE-AE30-424A-AE7C-D5440573B8BE}.Release|x64.ActiveCfg = Release|Any CPU
		{A28A8DFE-AE30-424A-AE7C-D5440573B8BE}.Release|x64.Build.0 = Release|Any CPU
		{A28A8DFE-AE30-424A-AE7C-D5440573B8BE}.Release|x86.ActiveCfg = Release|Any CPU
		{A28A8DFE-AE30-424A-AE7C-D5440573B8BE}.Release|x86.Build.0 = Release|Any CPU
		{B0785750-D665-4042-994F-07DEDC2D7F33}.Debug|Any CPU.ActiveCfg = Debug|Any CPU
		{B0785750-D665-4042-994F-07DEDC2D7F33}.Debug|Any CPU.Build.0 = Debug|Any CPU
		{B0785750-D665-4042-994F-07DEDC2D7F33}.Debug|x64.ActiveCfg = Debug|Any CPU
		{B0785750-D665-4042-994F-07DEDC2D7F33}.Debug|x64.Build.0 = Debug|Any CPU
		{B0785750-D665-4042-994F-07DEDC2D7F33}.Debug|x86.ActiveCfg = Debug|Any CPU
		{B0785750-D665-4042-994F-07DEDC2D7F33}.Debug|x86.Build.0 = Debug|Any CPU
		{B0785750-D665-4042-994F-07DEDC2D7F33}.Release|Any CPU.ActiveCfg = Release|Any CPU
		{B0785750-D665-4042-994F-07DEDC2D7F33}.Release|Any CPU.Build.0 = Release|Any CPU
		{B0785750-D665-4042-994F-07DEDC2D7F33}.Release|x64.ActiveCfg = Release|Any CPU
		{B0785750-D665-4042-994F-07DEDC2D7F33}.Release|x64.Build.0 = Release|Any CPU
		{B0785750-D665-4042-994F-07DEDC2D7F33}.Release|x86.ActiveCfg = Release|Any CPU
		{B0785750-D665-4042-994F-07DEDC2D7F33}.Release|x86.Build.0 = Release|Any CPU
		{D20BB382-CC08-4C02-84FB-3F6A2F6F4102}.Debug|Any CPU.ActiveCfg = Debug|Any CPU
		{D20BB382-CC08-4C02-84FB-3F6A2F6F4102}.Debug|Any CPU.Build.0 = Debug|Any CPU
		{D20BB382-CC08-4C02-84FB-3F6A2F6F4102}.Debug|x64.ActiveCfg = Debug|Any CPU
		{D20BB382-CC08-4C02-84FB-3F6A2F6F4102}.Debug|x64.Build.0 = Debug|Any CPU
		{D20BB382-CC08-4C02-84FB-3F6A2F6F4102}.Debug|x86.ActiveCfg = Debug|Any CPU
		{D20BB382-CC08-4C02-84FB-3F6A2F6F4102}.Debug|x86.Build.0 = Debug|Any CPU
		{D20BB382-CC08-4C02-84FB-3F6A2F6F4102}.Release|Any CPU.ActiveCfg = Release|Any CPU
		{D20BB382-CC08-4C02-84FB-3F6A2F6F4102}.Release|Any CPU.Build.0 = Release|Any CPU
		{D20BB382-CC08-4C02-84FB-3F6A2F6F4102}.Release|x64.ActiveCfg = Release|Any CPU
		{D20BB382-CC08-4C02-84FB-3F6A2F6F4102}.Release|x64.Build.0 = Release|Any CPU
		{D20BB382-CC08-4C02-84FB-3F6A2F6F4102}.Release|x86.ActiveCfg = Release|Any CPU
		{D20BB382-CC08-4C02-84FB-3F6A2F6F4102}.Release|x86.Build.0 = Release|Any CPU
		{446FF713-6CA5-43AD-BAF6-3633B430AB20}.Debug|Any CPU.ActiveCfg = Debug|Any CPU
		{446FF713-6CA5-43AD-BAF6-3633B430AB20}.Debug|Any CPU.Build.0 = Debug|Any CPU
		{446FF713-6CA5-43AD-BAF6-3633B430AB20}.Debug|x64.ActiveCfg = Debug|Any CPU
		{446FF713-6CA5-43AD-BAF6-3633B430AB20}.Debug|x64.Build.0 = Debug|Any CPU
		{446FF713-6CA5-43AD-BAF6-3633B430AB20}.Debug|x86.ActiveCfg = Debug|Any CPU
		{446FF713-6CA5-43AD-BAF6-3633B430AB20}.Debug|x86.Build.0 = Debug|Any CPU
		{446FF713-6CA5-43AD-BAF6-3633B430AB20}.Release|Any CPU.ActiveCfg = Release|Any CPU
		{446FF713-6CA5-43AD-BAF6-3633B430AB20}.Release|Any CPU.Build.0 = Release|Any CPU
		{446FF713-6CA5-43AD-BAF6-3633B430AB20}.Release|x64.ActiveCfg = Release|Any CPU
		{446FF713-6CA5-43AD-BAF6-3633B430AB20}.Release|x64.Build.0 = Release|Any CPU
		{446FF713-6CA5-43AD-BAF6-3633B430AB20}.Release|x86.ActiveCfg = Release|Any CPU
		{446FF713-6CA5-43AD-BAF6-3633B430AB20}.Release|x86.Build.0 = Release|Any CPU
		{41AFCFF4-D392-48F8-BB98-F545CD70810B}.Debug|Any CPU.ActiveCfg = Debug|Any CPU
		{41AFCFF4-D392-48F8-BB98-F545CD70810B}.Debug|Any CPU.Build.0 = Debug|Any CPU
		{41AFCFF4-D392-48F8-BB98-F545CD70810B}.Debug|x64.ActiveCfg = Debug|Any CPU
		{41AFCFF4-D392-48F8-BB98-F545CD70810B}.Debug|x64.Build.0 = Debug|Any CPU
		{41AFCFF4-D392-48F8-BB98-F545CD70810B}.Debug|x86.ActiveCfg = Debug|Any CPU
		{41AFCFF4-D392-48F8-BB98-F545CD70810B}.Debug|x86.Build.0 = Debug|Any CPU
		{41AFCFF4-D392-48F8-BB98-F545CD70810B}.Release|Any CPU.ActiveCfg = Release|Any CPU
		{41AFCFF4-D392-48F8-BB98-F545CD70810B}.Release|Any CPU.Build.0 = Release|Any CPU
		{41AFCFF4-D392-48F8-BB98-F545CD70810B}.Release|x64.ActiveCfg = Release|Any CPU
		{41AFCFF4-D392-48F8-BB98-F545CD70810B}.Release|x64.Build.0 = Release|Any CPU
		{41AFCFF4-D392-48F8-BB98-F545CD70810B}.Release|x86.ActiveCfg = Release|Any CPU
		{41AFCFF4-D392-48F8-BB98-F545CD70810B}.Release|x86.Build.0 = Release|Any CPU
		{715B20CD-A1C9-482E-8962-60FEF56EDFDD}.Debug|Any CPU.ActiveCfg = Debug|Any CPU
		{715B20CD-A1C9-482E-8962-60FEF56EDFDD}.Debug|Any CPU.Build.0 = Debug|Any CPU
		{715B20CD-A1C9-482E-8962-60FEF56EDFDD}.Debug|x64.ActiveCfg = Debug|Any CPU
		{715B20CD-A1C9-482E-8962-60FEF56EDFDD}.Debug|x64.Build.0 = Debug|Any CPU
		{715B20CD-A1C9-482E-8962-60FEF56EDFDD}.Debug|x86.ActiveCfg = Debug|Any CPU
		{715B20CD-A1C9-482E-8962-60FEF56EDFDD}.Debug|x86.Build.0 = Debug|Any CPU
		{715B20CD-A1C9-482E-8962-60FEF56EDFDD}.Release|Any CPU.ActiveCfg = Release|Any CPU
		{715B20CD-A1C9-482E-8962-60FEF56EDFDD}.Release|Any CPU.Build.0 = Release|Any CPU
		{715B20CD-A1C9-482E-8962-60FEF56EDFDD}.Release|x64.ActiveCfg = Release|Any CPU
		{715B20CD-A1C9-482E-8962-60FEF56EDFDD}.Release|x64.Build.0 = Release|Any CPU
		{715B20CD-A1C9-482E-8962-60FEF56EDFDD}.Release|x86.ActiveCfg = Release|Any CPU
		{715B20CD-A1C9-482E-8962-60FEF56EDFDD}.Release|x86.Build.0 = Release|Any CPU
		{F16D6CC4-8EBC-4374-B2E5-F24069BC19C6}.Debug|Any CPU.ActiveCfg = Debug|Any CPU
		{F16D6CC4-8EBC-4374-B2E5-F24069BC19C6}.Debug|Any CPU.Build.0 = Debug|Any CPU
		{F16D6CC4-8EBC-4374-B2E5-F24069BC19C6}.Debug|x64.ActiveCfg = Debug|Any CPU
		{F16D6CC4-8EBC-4374-B2E5-F24069BC19C6}.Debug|x64.Build.0 = Debug|Any CPU
		{F16D6CC4-8EBC-4374-B2E5-F24069BC19C6}.Debug|x86.ActiveCfg = Debug|Any CPU
		{F16D6CC4-8EBC-4374-B2E5-F24069BC19C6}.Debug|x86.Build.0 = Debug|Any CPU
		{F16D6CC4-8EBC-4374-B2E5-F24069BC19C6}.Release|Any CPU.ActiveCfg = Release|Any CPU
		{F16D6CC4-8EBC-4374-B2E5-F24069BC19C6}.Release|Any CPU.Build.0 = Release|Any CPU
		{F16D6CC4-8EBC-4374-B2E5-F24069BC19C6}.Release|x64.ActiveCfg = Release|Any CPU
		{F16D6CC4-8EBC-4374-B2E5-F24069BC19C6}.Release|x64.Build.0 = Release|Any CPU
		{F16D6CC4-8EBC-4374-B2E5-F24069BC19C6}.Release|x86.ActiveCfg = Release|Any CPU
		{F16D6CC4-8EBC-4374-B2E5-F24069BC19C6}.Release|x86.Build.0 = Release|Any CPU
		{0A1D1FC1-8016-4F2B-B15C-C4F4181CFF88}.Debug|Any CPU.ActiveCfg = Debug|Any CPU
		{0A1D1FC1-8016-4F2B-B15C-C4F4181CFF88}.Debug|Any CPU.Build.0 = Debug|Any CPU
		{0A1D1FC1-8016-4F2B-B15C-C4F4181CFF88}.Debug|x64.ActiveCfg = Debug|Any CPU
		{0A1D1FC1-8016-4F2B-B15C-C4F4181CFF88}.Debug|x64.Build.0 = Debug|Any CPU
		{0A1D1FC1-8016-4F2B-B15C-C4F4181CFF88}.Debug|x86.ActiveCfg = Debug|Any CPU
		{0A1D1FC1-8016-4F2B-B15C-C4F4181CFF88}.Debug|x86.Build.0 = Debug|Any CPU
		{0A1D1FC1-8016-4F2B-B15C-C4F4181CFF88}.Release|Any CPU.ActiveCfg = Release|Any CPU
		{0A1D1FC1-8016-4F2B-B15C-C4F4181CFF88}.Release|Any CPU.Build.0 = Release|Any CPU
		{0A1D1FC1-8016-4F2B-B15C-C4F4181CFF88}.Release|x64.ActiveCfg = Release|Any CPU
		{0A1D1FC1-8016-4F2B-B15C-C4F4181CFF88}.Release|x64.Build.0 = Release|Any CPU
		{0A1D1FC1-8016-4F2B-B15C-C4F4181CFF88}.Release|x86.ActiveCfg = Release|Any CPU
		{0A1D1FC1-8016-4F2B-B15C-C4F4181CFF88}.Release|x86.Build.0 = Release|Any CPU
	EndGlobalSection
	GlobalSection(SolutionProperties) = preSolution
		HideSolutionNode = FALSE
	EndGlobalSection
	GlobalSection(NestedProjects) = preSolution
		{C5A3B5EA-BE9F-76E5-E9B8-8A22B289B295} = {827E0CD3-B72D-47B6-A68D-7590B98EB39B}
		{4FEF7189-BB46-4D81-B065-E62C1BCB61CD} = {C5A3B5EA-BE9F-76E5-E9B8-8A22B289B295}
		{A28A8DFE-AE30-424A-AE7C-D5440573B8BE} = {C5A3B5EA-BE9F-76E5-E9B8-8A22B289B295}
		{B0785750-D665-4042-994F-07DEDC2D7F33} = {C5A3B5EA-BE9F-76E5-E9B8-8A22B289B295}
		{E6B48023-E680-40DA-9E17-319585C26937} = {827E0CD3-B72D-47B6-A68D-7590B98EB39B}
		{D20BB382-CC08-4C02-84FB-3F6A2F6F4102} = {E6B48023-E680-40DA-9E17-319585C26937}
		{446FF713-6CA5-43AD-BAF6-3633B430AB20} = {E6B48023-E680-40DA-9E17-319585C26937}
		{41AFCFF4-D392-48F8-BB98-F545CD70810B} = {E6B48023-E680-40DA-9E17-319585C26937}
		{715B20CD-A1C9-482E-8962-60FEF56EDFDD} = {827E0CD3-B72D-47B6-A68D-7590B98EB39B}
		{F16D6CC4-8EBC-4374-B2E5-F24069BC19C6} = {E6B48023-E680-40DA-9E17-319585C26937}
		{0A1D1FC1-8016-4F2B-B15C-C4F4181CFF88} = {C5A3B5EA-BE9F-76E5-E9B8-8A22B289B295}
	EndGlobalSection
EndGlobal
